
Microsoft Visual Studio Solution File, Format Version 12.00
# Visual Studio 15
VisualStudioVersion = 15.0.27130.2027
MinimumVisualStudioVersion = 10.0.40219.1
Project("{FAE04EC0-301F-11D3-BF4B-00C04F79EFBC}") = "ProjetoBanco-Senha", "ProjetoBanco-Senha\ProjetoBanco-Senha.csproj", "{567F001C-AE33-47B7-8C07-0C3FF8AC75B6}"
EndProject
Global
	GlobalSection(SolutionConfigurationPlatforms) = preSolution
		Debug|Any CPU = Debug|Any CPU
		Release|Any CPU = Release|Any CPU
	EndGlobalSection
	GlobalSection(ProjectConfigurationPlatforms) = postSolution
		{567F001C-AE33-47B7-8C07-0C3FF8AC75B6}.Debug|Any CPU.ActiveCfg = Debug|Any CPU
		{567F001C-AE33-47B7-8C07-0C3FF8AC75B6}.Debug|Any CPU.Build.0 = Debug|Any CPU
		{567F001C-AE33-47B7-8C07-0C3FF8AC75B6}.Release|Any CPU.ActiveCfg = Release|Any CPU
		{567F001C-AE33-47B7-8C07-0C3FF8AC75B6}.Release|Any CPU.Build.0 = Release|Any CPU
	EndGlobalSection
	GlobalSection(SolutionProperties) = preSolution
		HideSolutionNode = FALSE
	EndGlobalSection
	GlobalSection(ExtensibilityGlobals) = postSolution
		SolutionGuid = {625C052D-28D0-456A-B580-D9E2FED30B06}
	EndGlobalSection
EndGlobal
